
Microsoft Visual Studio Solution File, Format Version 12.00
# Visual Studio Version 17
VisualStudioVersion = 17.6.33801.468
MinimumVisualStudioVersion = 10.0.40219.1
Project("{FAE04EC0-301F-11D3-BF4B-00C04F79EFBC}") = "ChatApp", "ChatApp\ChatApp.csproj", "{7618EF40-5A75-48A4-972B-A59CA3C83D90}"
EndProject
Global
	GlobalSection(SolutionConfigurationPlatforms) = preSolution
		Debug|Any CPU = Debug|Any CPU
		Release|Any CPU = Release|Any CPU
	EndGlobalSection
	GlobalSection(ProjectConfigurationPlatforms) = postSolution
		{7618EF40-5A75-48A4-972B-A59CA3C83D90}.Debug|Any CPU.ActiveCfg = Debug|Any CPU
		{7618EF40-5A75-48A4-972B-A59CA3C83D90}.Debug|Any CPU.Build.0 = Debug|Any CPU
		{7618EF40-5A75-48A4-972B-A59CA3C83D90}.Release|Any CPU.ActiveCfg = Release|Any CPU
		{7618EF40-5A75-48A4-972B-A59CA3C83D90}.Release|Any CPU.Build.0 = Release|Any CPU
	EndGlobalSection
	GlobalSection(SolutionProperties) = preSolution
		HideSolutionNode = FALSE
	EndGlobalSection
	GlobalSection(ExtensibilityGlobals) = postSolution
		SolutionGuid = {3B239A48-071C-473A-8518-F7A946112F24}
	EndGlobalSection
EndGlobal
